// !$*UTF8*$!
{
	archiveVersion = 1;
	classes = {
	};
	objectVersion = 51;
	objects = {

/* Begin PBXBuildFile section */
		2F3791C1045E666B26ACADEF /* Pods_CI_test.framework in Frameworks */ = {isa = PBXBuildFile; fileRef = 6984353EFA1D98EA050A0DD1 /* Pods_CI_test.framework */; };
		3E40FA8F887C3675BF449E55 /* Pods_CI_testTests.framework in Frameworks */ = {isa = PBXBuildFile; fileRef = AA8A5363CBDFD492830A8F0A /* Pods_CI_testTests.framework */; };
		8608F5B725AB82EA00CF3EEA /* AppDelegate.swift in Sources */ = {isa = PBXBuildFile; fileRef = 8608F5B625AB82EA00CF3EEA /* AppDelegate.swift */; };
		8608F5B925AB82EA00CF3EEA /* SceneDelegate.swift in Sources */ = {isa = PBXBuildFile; fileRef = 8608F5B825AB82EA00CF3EEA /* SceneDelegate.swift */; };
		8608F5BB25AB82EA00CF3EEA /* ViewController.swift in Sources */ = {isa = PBXBuildFile; fileRef = 8608F5BA25AB82EA00CF3EEA /* ViewController.swift */; };
		8608F5BE25AB82EA00CF3EEA /* Main.storyboard in Resources */ = {isa = PBXBuildFile; fileRef = 8608F5BC25AB82EA00CF3EEA /* Main.storyboard */; };
		8608F5C025AB82EB00CF3EEA /* Assets.xcassets in Resources */ = {isa = PBXBuildFile; fileRef = 8608F5BF25AB82EB00CF3EEA /* Assets.xcassets */; };
		8608F5C325AB82EB00CF3EEA /* LaunchScreen.storyboard in Resources */ = {isa = PBXBuildFile; fileRef = 8608F5C125AB82EB00CF3EEA /* LaunchScreen.storyboard */; };
		8608F5ED25ABA4B800CF3EEA /* Foo.swift in Sources */ = {isa = PBXBuildFile; fileRef = 8608F5EC25ABA4B800CF3EEA /* Foo.swift */; };
		8608F5F225ABA50200CF3EEA /* FooTests.swift in Sources */ = {isa = PBXBuildFile; fileRef = 8608F5F125ABA50200CF3EEA /* FooTests.swift */; };
/* End PBXBuildFile section */

/* Begin PBXContainerItemProxy section */
		8608F5CA25AB82EC00CF3EEA /* PBXContainerItemProxy */ = {
			isa = PBXContainerItemProxy;
			containerPortal = 8608F5AB25AB82EA00CF3EEA /* Project object */;
			proxyType = 1;
			remoteGlobalIDString = 8608F5B225AB82EA00CF3EEA;
			remoteInfo = "CI-test";
		};
/* End PBXContainerItemProxy section */

/* Begin PBXFileReference section */
		12078B601EF8E4169AD61CE8 /* Pods-CI-test.debug.xcconfig */ = {isa = PBXFileReference; includeInIndex = 1; lastKnownFileType = text.xcconfig; name = "Pods-CI-test.debug.xcconfig"; path = "Target Support Files/Pods-CI-test/Pods-CI-test.debug.xcconfig"; sourceTree = "<group>"; };
		28347B184EFD7EBEB4C5A675 /* Pods-CI-test.release.xcconfig */ = {isa = PBXFileReference; includeInIndex = 1; lastKnownFileType = text.xcconfig; name = "Pods-CI-test.release.xcconfig"; path = "Target Support Files/Pods-CI-test/Pods-CI-test.release.xcconfig"; sourceTree = "<group>"; };
		6666EF92D8137855FACE14A6 /* Pods-CI-testTests.release.xcconfig */ = {isa = PBXFileReference; includeInIndex = 1; lastKnownFileType = text.xcconfig; name = "Pods-CI-testTests.release.xcconfig"; path = "Target Support Files/Pods-CI-testTests/Pods-CI-testTests.release.xcconfig"; sourceTree = "<group>"; };
		6984353EFA1D98EA050A0DD1 /* Pods_CI_test.framework */ = {isa = PBXFileReference; explicitFileType = wrapper.framework; includeInIndex = 0; path = Pods_CI_test.framework; sourceTree = BUILT_PRODUCTS_DIR; };
		8608F5B325AB82EA00CF3EEA /* CI-test.app */ = {isa = PBXFileReference; explicitFileType = wrapper.application; includeInIndex = 0; path = "CI-test.app"; sourceTree = BUILT_PRODUCTS_DIR; };
		8608F5B625AB82EA00CF3EEA /* AppDelegate.swift */ = {isa = PBXFileReference; lastKnownFileType = sourcecode.swift; path = AppDelegate.swift; sourceTree = "<group>"; };
		8608F5B825AB82EA00CF3EEA /* SceneDelegate.swift */ = {isa = PBXFileReference; lastKnownFileType = sourcecode.swift; path = SceneDelegate.swift; sourceTree = "<group>"; };
		8608F5BA25AB82EA00CF3EEA /* ViewController.swift */ = {isa = PBXFileReference; lastKnownFileType = sourcecode.swift; path = ViewController.swift; sourceTree = "<group>"; };
		8608F5BD25AB82EA00CF3EEA /* Base */ = {isa = PBXFileReference; lastKnownFileType = file.storyboard; name = Base; path = Base.lproj/Main.storyboard; sourceTree = "<group>"; };
		8608F5BF25AB82EB00CF3EEA /* Assets.xcassets */ = {isa = PBXFileReference; lastKnownFileType = folder.assetcatalog; path = Assets.xcassets; sourceTree = "<group>"; };
		8608F5C225AB82EB00CF3EEA /* Base */ = {isa = PBXFileReference; lastKnownFileType = file.storyboard; name = Base; path = Base.lproj/LaunchScreen.storyboard; sourceTree = "<group>"; };
		8608F5C425AB82EB00CF3EEA /* Info.plist */ = {isa = PBXFileReference; lastKnownFileType = text.plist.xml; path = Info.plist; sourceTree = "<group>"; };
		8608F5C925AB82EC00CF3EEA /* CI-testTests.xctest */ = {isa = PBXFileReference; explicitFileType = wrapper.cfbundle; includeInIndex = 0; path = "CI-testTests.xctest"; sourceTree = BUILT_PRODUCTS_DIR; };
		8608F5CF25AB82EC00CF3EEA /* Info.plist */ = {isa = PBXFileReference; lastKnownFileType = text.plist.xml; path = Info.plist; sourceTree = "<group>"; };
		8608F5EC25ABA4B800CF3EEA /* Foo.swift */ = {isa = PBXFileReference; lastKnownFileType = sourcecode.swift; path = Foo.swift; sourceTree = "<group>"; };
		8608F5F125ABA50200CF3EEA /* FooTests.swift */ = {isa = PBXFileReference; lastKnownFileType = sourcecode.swift; path = FooTests.swift; sourceTree = "<group>"; };
		AA8A5363CBDFD492830A8F0A /* Pods_CI_testTests.framework */ = {isa = PBXFileReference; explicitFileType = wrapper.framework; includeInIndex = 0; path = Pods_CI_testTests.framework; sourceTree = BUILT_PRODUCTS_DIR; };
		C4571E2E1B368C7A52972FCC /* Pods-CI-testTests.debug.xcconfig */ = {isa = PBXFileReference; includeInIndex = 1; lastKnownFileType = text.xcconfig; name = "Pods-CI-testTests.debug.xcconfig"; path = "Target Support Files/Pods-CI-testTests/Pods-CI-testTests.debug.xcconfig"; sourceTree = "<group>"; };
/* End PBXFileReference section */

/* Begin PBXFrameworksBuildPhase section */
		8608F5B025AB82EA00CF3EEA /* Frameworks */ = {
			isa = PBXFrameworksBuildPhase;
			buildActionMask = 2147483647;
			files = (
				2F3791C1045E666B26ACADEF /* Pods_CI_test.framework in Frameworks */,
			);
			runOnlyForDeploymentPostprocessing = 0;
		};
		8608F5C625AB82EC00CF3EEA /* Frameworks */ = {
			isa = PBXFrameworksBuildPhase;
			buildActionMask = 2147483647;
			files = (
				3E40FA8F887C3675BF449E55 /* Pods_CI_testTests.framework in Frameworks */,
			);
			runOnlyForDeploymentPostprocessing = 0;
		};
/* End PBXFrameworksBuildPhase section */

/* Begin PBXGroup section */
		8608F5AA25AB82EA00CF3EEA = {
			isa = PBXGroup;
			children = (
				8608F5B525AB82EA00CF3EEA /* CI-test */,
				8608F5CC25AB82EC00CF3EEA /* CI-testTests */,
				8608F5B425AB82EA00CF3EEA /* Products */,
				FD58AD7B3D87FFC17AD754C2 /* Pods */,
				9C1EB0D76CEDB5949BE6FEA0 /* Frameworks */,
			);
			sourceTree = "<group>";
		};
		8608F5B425AB82EA00CF3EEA /* Products */ = {
			isa = PBXGroup;
			children = (
				8608F5B325AB82EA00CF3EEA /* CI-test.app */,
				8608F5C925AB82EC00CF3EEA /* CI-testTests.xctest */,
			);
			name = Products;
			sourceTree = "<group>";
		};
		8608F5B525AB82EA00CF3EEA /* CI-test */ = {
			isa = PBXGroup;
			children = (
				8608F5B625AB82EA00CF3EEA /* AppDelegate.swift */,
				8608F5B825AB82EA00CF3EEA /* SceneDelegate.swift */,
				8608F5BA25AB82EA00CF3EEA /* ViewController.swift */,
				8608F5EC25ABA4B800CF3EEA /* Foo.swift */,
				8608F5BC25AB82EA00CF3EEA /* Main.storyboard */,
				8608F5BF25AB82EB00CF3EEA /* Assets.xcassets */,
				8608F5C125AB82EB00CF3EEA /* LaunchScreen.storyboard */,
				8608F5C425AB82EB00CF3EEA /* Info.plist */,
			);
			path = "CI-test";
			sourceTree = "<group>";
		};
		8608F5CC25AB82EC00CF3EEA /* CI-testTests */ = {
			isa = PBXGroup;
			children = (
				8608F5CF25AB82EC00CF3EEA /* Info.plist */,
				8608F5F125ABA50200CF3EEA /* FooTests.swift */,
			);
			path = "CI-testTests";
			sourceTree = "<group>";
		};
		9C1EB0D76CEDB5949BE6FEA0 /* Frameworks */ = {
			isa = PBXGroup;
			children = (
				6984353EFA1D98EA050A0DD1 /* Pods_CI_test.framework */,
				AA8A5363CBDFD492830A8F0A /* Pods_CI_testTests.framework */,
			);
			name = Frameworks;
			sourceTree = "<group>";
		};
		FD58AD7B3D87FFC17AD754C2 /* Pods */ = {
			isa = PBXGroup;
			children = (
				12078B601EF8E4169AD61CE8 /* Pods-CI-test.debug.xcconfig */,
				28347B184EFD7EBEB4C5A675 /* Pods-CI-test.release.xcconfig */,
				C4571E2E1B368C7A52972FCC /* Pods-CI-testTests.debug.xcconfig */,
				6666EF92D8137855FACE14A6 /* Pods-CI-testTests.release.xcconfig */,
			);
			path = Pods;
			sourceTree = "<group>";
		};
/* End PBXGroup section */

/* Begin PBXNativeTarget section */
		8608F5B225AB82EA00CF3EEA /* CI-test */ = {
			isa = PBXNativeTarget;
			buildConfigurationList = 8608F5DD25AB82EC00CF3EEA /* Build configuration list for PBXNativeTarget "CI-test" */;
			buildPhases = (
				F9AE788EF4627FA6225725CE /* [CP] Check Pods Manifest.lock */,
				8608F5AF25AB82EA00CF3EEA /* Sources */,
				8608F5B025AB82EA00CF3EEA /* Frameworks */,
				8608F5B125AB82EA00CF3EEA /* Resources */,
				53BDD4796DFCB24460BF6485 /* [CP] Embed Pods Frameworks */,
			);
			buildRules = (
			);
			dependencies = (
			);
			name = "CI-test";
			productName = "CI-test";
			productReference = 8608F5B325AB82EA00CF3EEA /* CI-test.app */;
			productType = "com.apple.product-type.application";
		};
		8608F5C825AB82EC00CF3EEA /* CI-testTests */ = {
			isa = PBXNativeTarget;
			buildConfigurationList = 8608F5E025AB82EC00CF3EEA /* Build configuration list for PBXNativeTarget "CI-testTests" */;
			buildPhases = (
				C6B6958DB07FE33A0C28D2D2 /* [CP] Check Pods Manifest.lock */,
				8608F5C525AB82EC00CF3EEA /* Sources */,
				8608F5C625AB82EC00CF3EEA /* Frameworks */,
				8608F5C725AB82EC00CF3EEA /* Resources */,
			);
			buildRules = (
			);
			dependencies = (
				8608F5CB25AB82EC00CF3EEA /* PBXTargetDependency */,
			);
			name = "CI-testTests";
			productName = "CI-testTests";
			productReference = 8608F5C925AB82EC00CF3EEA /* CI-testTests.xctest */;
			productType = "com.apple.product-type.bundle.unit-test";
		};
/* End PBXNativeTarget section */

/* Begin PBXProject section */
		8608F5AB25AB82EA00CF3EEA /* Project object */ = {
			isa = PBXProject;
			attributes = {
				LastSwiftUpdateCheck = 1230;
				LastUpgradeCheck = 1230;
				TargetAttributes = {
					8608F5B225AB82EA00CF3EEA = {
						CreatedOnToolsVersion = 12.3;
					};
					8608F5C825AB82EC00CF3EEA = {
						CreatedOnToolsVersion = 12.3;
						TestTargetID = 8608F5B225AB82EA00CF3EEA;
					};
				};
			};
			buildConfigurationList = 8608F5AE25AB82EA00CF3EEA /* Build configuration list for PBXProject "CI-test" */;
			compatibilityVersion = "Xcode 9.3";
			developmentRegion = en;
			hasScannedForEncodings = 0;
			knownRegions = (
				en,
				Base,
			);
			mainGroup = 8608F5AA25AB82EA00CF3EEA;
			productRefGroup = 8608F5B425AB82EA00CF3EEA /* Products */;
			projectDirPath = "";
			projectRoot = "";
			targets = (
				8608F5B225AB82EA00CF3EEA /* CI-test */,
				8608F5C825AB82EC00CF3EEA /* CI-testTests */,
			);
		};
/* End PBXProject section */

/* Begin PBXResourcesBuildPhase section */
		8608F5B125AB82EA00CF3EEA /* Resources */ = {
			isa = PBXResourcesBuildPhase;
			buildActionMask = 2147483647;
			files = (
				8608F5C325AB82EB00CF3EEA /* LaunchScreen.storyboard in Resources */,
				8608F5C025AB82EB00CF3EEA /* Assets.xcassets in Resources */,
				8608F5BE25AB82EA00CF3EEA /* Main.storyboard in Resources */,
			);
			runOnlyForDeploymentPostprocessing = 0;
		};
		8608F5C725AB82EC00CF3EEA /* Resources */ = {
			isa = PBXResourcesBuildPhase;
			buildActionMask = 2147483647;
			files = (
			);
			runOnlyForDeploymentPostprocessing = 0;
		};
/* End PBXResourcesBuildPhase section */

/* Begin PBXShellScriptBuildPhase section */
		53BDD4796DFCB24460BF6485 /* [CP] Embed Pods Frameworks */ = {
			isa = PBXShellScriptBuildPhase;
			buildActionMask = 2147483647;
			files = (
			);
			inputFileListPaths = (
				"${PODS_ROOT}/Target Support Files/Pods-CI-test/Pods-CI-test-frameworks-${CONFIGURATION}-input-files.xcfilelist",
			);
			name = "[CP] Embed Pods Frameworks";
			outputFileListPaths = (
				"${PODS_ROOT}/Target Support Files/Pods-CI-test/Pods-CI-test-frameworks-${CONFIGURATION}-output-files.xcfilelist",
			);
			runOnlyForDeploymentPostprocessing = 0;
			shellPath = /bin/sh;
			shellScript = "\"${PODS_ROOT}/Target Support Files/Pods-CI-test/Pods-CI-test-frameworks.sh\"\n";
			showEnvVarsInLog = 0;
		};
		C6B6958DB07FE33A0C28D2D2 /* [CP] Check Pods Manifest.lock */ = {
			isa = PBXShellScriptBuildPhase;
			buildActionMask = 2147483647;
			files = (
			);
			inputFileListPaths = (
			);
			inputPaths = (
				"${PODS_PODFILE_DIR_PATH}/Podfile.lock",
				"${PODS_ROOT}/Manifest.lock",
			);
			name = "[CP] Check Pods Manifest.lock";
			outputFileListPaths = (
			);
			outputPaths = (
				"$(DERIVED_FILE_DIR)/Pods-CI-testTests-checkManifestLockResult.txt",
			);
			runOnlyForDeploymentPostprocessing = 0;
			shellPath = /bin/sh;
			shellScript = "diff \"${PODS_PODFILE_DIR_PATH}/Podfile.lock\" \"${PODS_ROOT}/Manifest.lock\" > /dev/null\nif [ $? != 0 ] ; then\n    # print error to STDERR\n    echo \"error: The sandbox is not in sync with the Podfile.lock. Run 'pod install' or update your CocoaPods installation.\" >&2\n    exit 1\nfi\n# This output is used by Xcode 'outputs' to avoid re-running this script phase.\necho \"SUCCESS\" > \"${SCRIPT_OUTPUT_FILE_0}\"\n";
			showEnvVarsInLog = 0;
		};
		F9AE788EF4627FA6225725CE /* [CP] Check Pods Manifest.lock */ = {
			isa = PBXShellScriptBuildPhase;
			buildActionMask = 2147483647;
			files = (
			);
			inputFileListPaths = (
			);
			inputPaths = (
				"${PODS_PODFILE_DIR_PATH}/Podfile.lock",
				"${PODS_ROOT}/Manifest.lock",
			);
			name = "[CP] Check Pods Manifest.lock";
			outputFileListPaths = (
			);
			outputPaths = (
				"$(DERIVED_FILE_DIR)/Pods-CI-test-checkManifestLockResult.txt",
			);
			runOnlyForDeploymentPostprocessing = 0;
			shellPath = /bin/sh;
			shellScript = "diff \"${PODS_PODFILE_DIR_PATH}/Podfile.lock\" \"${PODS_ROOT}/Manifest.lock\" > /dev/null\nif [ $? != 0 ] ; then\n    # print error to STDERR\n    echo \"error: The sandbox is not in sync with the Podfile.lock. Run 'pod install' or update your CocoaPods installation.\" >&2\n    exit 1\nfi\n# This output is used by Xcode 'outputs' to avoid re-running this script phase.\necho \"SUCCESS\" > \"${SCRIPT_OUTPUT_FILE_0}\"\n";
			showEnvVarsInLog = 0;
		};
/* End PBXShellScriptBuildPhase section */

/* Begin PBXSourcesBuildPhase section */
		8608F5AF25AB82EA00CF3EEA /* Sources */ = {
			isa = PBXSourcesBuildPhase;
			buildActionMask = 2147483647;
			files = (
				8608F5ED25ABA4B800CF3EEA /* Foo.swift in Sources */,
				8608F5BB25AB82EA00CF3EEA /* ViewController.swift in Sources */,
				8608F5B725AB82EA00CF3EEA /* AppDelegate.swift in Sources */,
				8608F5B925AB82EA00CF3EEA /* SceneDelegate.swift in Sources */,
			);
			runOnlyForDeploymentPostprocessing = 0;
		};
		8608F5C525AB82EC00CF3EEA /* Sources */ = {
			isa = PBXSourcesBuildPhase;
			buildActionMask = 2147483647;
			files = (
				8608F5F225ABA50200CF3EEA /* FooTests.swift in Sources */,
			);
			runOnlyForDeploymentPostprocessing = 0;
		};
/* End PBXSourcesBuildPhase section */

/* Begin PBXTargetDependency section */
		8608F5CB25AB82EC00CF3EEA /* PBXTargetDependency */ = {
			isa = PBXTargetDependency;
			target = 8608F5B225AB82EA00CF3EEA /* CI-test */;
			targetProxy = 8608F5CA25AB82EC00CF3EEA /* PBXContainerItemProxy */;
		};
/* End PBXTargetDependency section */

/* Begin PBXVariantGroup section */
		8608F5BC25AB82EA00CF3EEA /* Main.storyboard */ = {
			isa = PBXVariantGroup;
			children = (
				8608F5BD25AB82EA00CF3EEA /* Base */,
			);
			name = Main.storyboard;
			sourceTree = "<group>";
		};
		8608F5C125AB82EB00CF3EEA /* LaunchScreen.storyboard */ = {
			isa = PBXVariantGroup;
			children = (
				8608F5C225AB82EB00CF3EEA /* Base */,
			);
			name = LaunchScreen.storyboard;
			sourceTree = "<group>";
		};
/* End PBXVariantGroup section */

/* Begin XCBuildConfiguration section */
		8608F5DB25AB82EC00CF3EEA /* Debug */ = {
			isa = XCBuildConfiguration;
			buildSettings = {
				ALWAYS_SEARCH_USER_PATHS = NO;
				CLANG_ANALYZER_NONNULL = YES;
				CLANG_ANALYZER_NUMBER_OBJECT_CONVERSION = YES_AGGRESSIVE;
				CLANG_CXX_LANGUAGE_STANDARD = "gnu++14";
				CLANG_CXX_LIBRARY = "libc++";
				CLANG_ENABLE_MODULES = YES;
				CLANG_ENABLE_OBJC_ARC = YES;
				CLANG_ENABLE_OBJC_WEAK = YES;
				CLANG_WARN_BLOCK_CAPTURE_AUTORELEASING = YES;
				CLANG_WARN_BOOL_CONVERSION = YES;
				CLANG_WARN_COMMA = YES;
				CLANG_WARN_CONSTANT_CONVERSION = YES;
				CLANG_WARN_DEPRECATED_OBJC_IMPLEMENTATIONS = YES;
				CLANG_WARN_DIRECT_OBJC_ISA_USAGE = YES_ERROR;
				CLANG_WARN_DOCUMENTATION_COMMENTS = YES;
				CLANG_WARN_EMPTY_BODY = YES;
				CLANG_WARN_ENUM_CONVERSION = YES;
				CLANG_WARN_INFINITE_RECURSION = YES;
				CLANG_WARN_INT_CONVERSION = YES;
				CLANG_WARN_NON_LITERAL_NULL_CONVERSION = YES;
				CLANG_WARN_OBJC_IMPLICIT_RETAIN_SELF = YES;
				CLANG_WARN_OBJC_LITERAL_CONVERSION = YES;
				CLANG_WARN_OBJC_ROOT_CLASS = YES_ERROR;
				CLANG_WARN_QUOTED_INCLUDE_IN_FRAMEWORK_HEADER = YES;
				CLANG_WARN_RANGE_LOOP_ANALYSIS = YES;
				CLANG_WARN_STRICT_PROTOTYPES = YES;
				CLANG_WARN_SUSPICIOUS_MOVE = YES;
				CLANG_WARN_UNGUARDED_AVAILABILITY = YES_AGGRESSIVE;
				CLANG_WARN_UNREACHABLE_CODE = YES;
				CLANG_WARN__DUPLICATE_METHOD_MATCH = YES;
				COPY_PHASE_STRIP = NO;
				DEBUG_INFORMATION_FORMAT = dwarf;
				ENABLE_STRICT_OBJC_MSGSEND = YES;
				ENABLE_TESTABILITY = YES;
				GCC_C_LANGUAGE_STANDARD = gnu11;
				GCC_DYNAMIC_NO_PIC = NO;
				GCC_NO_COMMON_BLOCKS = YES;
				GCC_OPTIMIZATION_LEVEL = 0;
				GCC_PREPROCESSOR_DEFINITIONS = (
					"DEBUG=1",
					"$(inherited)",
				);
				GCC_WARN_64_TO_32_BIT_CONVERSION = YES;
				GCC_WARN_ABOUT_RETURN_TYPE = YES_ERROR;
				GCC_WARN_UNDECLARED_SELECTOR = YES;
				GCC_WARN_UNINITIALIZED_AUTOS = YES_AGGRESSIVE;
				GCC_WARN_UNUSED_FUNCTION = YES;
				GCC_WARN_UNUSED_VARIABLE = YES;
				IPHONEOS_DEPLOYMENT_TARGET = 14.3;
				MTL_ENABLE_DEBUG_INFO = INCLUDE_SOURCE;
				MTL_FAST_MATH = YES;
				ONLY_ACTIVE_ARCH = YES;
				SDKROOT = iphoneos;
				SWIFT_ACTIVE_COMPILATION_CONDITIONS = DEBUG;
				SWIFT_OPTIMIZATION_LEVEL = "-Onone";
			};
			name = Debug;
		};
		8608F5DC25AB82EC00CF3EEA /* Release */ = {
			isa = XCBuildConfiguration;
			buildSettings = {
				ALWAYS_SEARCH_USER_PATHS = NO;
				CLANG_ANALYZER_NONNULL = YES;
				CLANG_ANALYZER_NUMBER_OBJECT_CONVERSION = YES_AGGRESSIVE;
				CLANG_CXX_LANGUAGE_STANDARD = "gnu++14";
				CLANG_CXX_LIBRARY = "libc++";
				CLANG_ENABLE_MODULES = YES;
				CLANG_ENABLE_OBJC_ARC = YES;
				CLANG_ENABLE_OBJC_WEAK = YES;
				CLANG_WARN_BLOCK_CAPTURE_AUTORELEASING = YES;
				CLANG_WARN_BOOL_CONVERSION = YES;
				CLANG_WARN_COMMA = YES;
				CLANG_WARN_CONSTANT_CONVERSION = YES;
				CLANG_WARN_DEPRECATED_OBJC_IMPLEMENTATIONS = YES;
				CLANG_WARN_DIRECT_OBJC_ISA_USAGE = YES_ERROR;
				CLANG_WARN_DOCUMENTATION_COMMENTS = YES;
				CLANG_WARN_EMPTY_BODY = YES;
				CLANG_WARN_ENUM_CONVERSION = YES;
				CLANG_WARN_INFINITE_RECURSION = YES;
				CLANG_WARN_INT_CONVERSION = YES;
				CLANG_WARN_NON_LITERAL_NULL_CONVERSION = YES;
				CLANG_WARN_OBJC_IMPLICIT_RETAIN_SELF = YES;
				CLANG_WARN_OBJC_LITERAL_CONVERSION = YES;
				CLANG_WARN_OBJC_ROOT_CLASS = YES_ERROR;
				CLANG_WARN_QUOTED_INCLUDE_IN_FRAMEWORK_HEADER = YES;
				CLANG_WARN_RANGE_LOOP_ANALYSIS = YES;
				CLANG_WARN_STRICT_PROTOTYPES = YES;
				CLANG_WARN_SUSPICIOUS_MOVE = YES;
				CLANG_WARN_UNGUARDED_AVAILABILITY = YES_AGGRESSIVE;
				CLANG_WARN_UNREACHABLE_CODE = YES;
				CLANG_WARN__DUPLICATE_METHOD_MATCH = YES;
				COPY_PHASE_STRIP = NO;
				DEBUG_INFORMATION_FORMAT = "dwarf-with-dsym";
				ENABLE_NS_ASSERTIONS = NO;
				ENABLE_STRICT_OBJC_MSGSEND = YES;
				GCC_C_LANGUAGE_STANDARD = gnu11;
				GCC_NO_COMMON_BLOCKS = YES;
				GCC_WARN_64_TO_32_BIT_CONVERSION = YES;
				GCC_WARN_ABOUT_RETURN_TYPE = YES_ERROR;
				GCC_WARN_UNDECLARED_SELECTOR = YES;
				GCC_WARN_UNINITIALIZED_AUTOS = YES_AGGRESSIVE;
				GCC_WARN_UNUSED_FUNCTION = YES;
				GCC_WARN_UNUSED_VARIABLE = YES;
				IPHONEOS_DEPLOYMENT_TARGET = 14.3;
				MTL_ENABLE_DEBUG_INFO = NO;
				MTL_FAST_MATH = YES;
				SDKROOT = iphoneos;
				SWIFT_COMPILATION_MODE = wholemodule;
				SWIFT_OPTIMIZATION_LEVEL = "-O";
				VALIDATE_PRODUCT = YES;
			};
			name = Release;
		};
		8608F5DE25AB82EC00CF3EEA /* Debug */ = {
			isa = XCBuildConfiguration;
			baseConfigurationReference = 12078B601EF8E4169AD61CE8 /* Pods-CI-test.debug.xcconfig */;
			buildSettings = {
				ASSETCATALOG_COMPILER_APPICON_NAME = AppIcon;
				ASSETCATALOG_COMPILER_GLOBAL_ACCENT_COLOR_NAME = AccentColor;
				CODE_SIGN_STYLE = Automatic;
				DEVELOPMENT_TEAM = 42M9LVL2M6;
				INFOPLIST_FILE = "CI-test/Info.plist";
				LD_RUNPATH_SEARCH_PATHS = (
					"$(inherited)",
					"@executable_path/Frameworks",
				);
				PRODUCT_BUNDLE_IDENTIFIER = "espinu.CI-test";
				PRODUCT_NAME = "$(TARGET_NAME)";
				SWIFT_VERSION = 5.0;
				TARGETED_DEVICE_FAMILY = "1,2";
			};
			name = Debug;
		};
		8608F5DF25AB82EC00CF3EEA /* Release */ = {
			isa = XCBuildConfiguration;
			baseConfigurationReference = 28347B184EFD7EBEB4C5A675 /* Pods-CI-test.release.xcconfig */;
			buildSettings = {
				ASSETCATALOG_COMPILER_APPICON_NAME = AppIcon;
				ASSETCATALOG_COMPILER_GLOBAL_ACCENT_COLOR_NAME = AccentColor;
				CODE_SIGN_STYLE = Automatic;
				DEVELOPMENT_TEAM = 42M9LVL2M6;
				INFOPLIST_FILE = "CI-test/Info.plist";
				LD_RUNPATH_SEARCH_PATHS = (
					"$(inherited)",
					"@executable_path/Frameworks",
				);
				PRODUCT_BUNDLE_IDENTIFIER = "espinu.CI-test";
				PRODUCT_NAME = "$(TARGET_NAME)";
				SWIFT_VERSION = 5.0;
				TARGETED_DEVICE_FAMILY = "1,2";
			};
			name = Release;
		};
		8608F5E125AB82EC00CF3EEA /* Debug */ = {
			isa = XCBuildConfiguration;
			baseConfigurationReference = C4571E2E1B368C7A52972FCC /* Pods-CI-testTests.debug.xcconfig */;
			buildSettings = {
				ALWAYS_EMBED_SWIFT_STANDARD_LIBRARIES = YES;
				BUNDLE_LOADER = "$(TEST_HOST)";
				CODE_SIGN_STYLE = Automatic;
				DEVELOPMENT_TEAM = 42M9LVL2M6;
				INFOPLIST_FILE = "CI-testTests/Info.plist";
				IPHONEOS_DEPLOYMENT_TARGET = 14.3;
				LD_RUNPATH_SEARCH_PATHS = (
					"$(inherited)",
					"@executable_path/Frameworks",
					"@loader_path/Frameworks",
				);
				PRODUCT_BUNDLE_IDENTIFIER = "espinu.CI-testTests";
				PRODUCT_NAME = "$(TARGET_NAME)";
				SWIFT_VERSION = 5.0;
				TARGETED_DEVICE_FAMILY = "1,2";
				TEST_HOST = "$(BUILT_PRODUCTS_DIR)/CI-test.app/CI-test";
			};
			name = Debug;
		};
		8608F5E225AB82EC00CF3EEA /* Release */ = {
			isa = XCBuildConfiguration;
			baseConfigurationReference = 6666EF92D8137855FACE14A6 /* Pods-CI-testTests.release.xcconfig */;
			buildSettings = {
				ALWAYS_EMBED_SWIFT_STANDARD_LIBRARIES = YES;
				BUNDLE_LOADER = "$(TEST_HOST)";
				CODE_SIGN_STYLE = Automatic;
				DEVELOPMENT_TEAM = 42M9LVL2M6;
				INFOPLIST_FILE = "CI-testTests/Info.plist";
				IPHONEOS_DEPLOYMENT_TARGET = 14.3;
				LD_RUNPATH_SEARCH_PATHS = (
					"$(inherited)",
					"@executable_path/Frameworks",
					"@loader_path/Frameworks",
				);
				PRODUCT_BUNDLE_IDENTIFIER = "espinu.CI-testTests";
				PRODUCT_NAME = "$(TARGET_NAME)";
				SWIFT_VERSION = 5.0;
				TARGETED_DEVICE_FAMILY = "1,2";
				TEST_HOST = "$(BUILT_PRODUCTS_DIR)/CI-test.app/CI-test";
			};
			name = Release;
		};
/* End XCBuildConfiguration section */

/* Begin XCConfigurationList section */
		8608F5AE25AB82EA00CF3EEA /* Build configuration list for PBXProject "CI-test" */ = {
			isa = XCConfigurationList;
			buildConfigurations = (
				8608F5DB25AB82EC00CF3EEA /* Debug */,
				8608F5DC25AB82EC00CF3EEA /* Release */,
			);
			defaultConfigurationIsVisible = 0;
			defaultConfigurationName = Release;
		};
		8608F5DD25AB82EC00CF3EEA /* Build configuration list for PBXNativeTarget "CI-test" */ = {
			isa = XCConfigurationList;
			buildConfigurations = (
				8608F5DE25AB82EC00CF3EEA /* Debug */,
				8608F5DF25AB82EC00CF3EEA /* Release */,
			);
			defaultConfigurationIsVisible = 0;
			defaultConfigurationName = Release;
		};
		8608F5E025AB82EC00CF3EEA /* Build configuration list for PBXNativeTarget "CI-testTests" */ = {
			isa = XCConfigurationList;
			buildConfigurations = (
				8608F5E125AB82EC00CF3EEA /* Debug */,
				8608F5E225AB82EC00CF3EEA /* Release */,
			);
			defaultConfigurationIsVisible = 0;
			defaultConfigurationName = Release;
		};
/* End XCConfigurationList section */
	};
	rootObject = 8608F5AB25AB82EA00CF3EEA /* Project object */;
}
